
Microsoft Visual Studio Solution File, Format Version 12.00
# Visual Studio Version 17
VisualStudioVersion = 17.11.35219.272
MinimumVisualStudioVersion = 10.0.40219.1
Project("{9A19103F-16F7-4668-BE54-9A1E7A4F7556}") = "TaskPlanner", "TaskPlanner\TaskPlanner.csproj", "{C8428218-8A17-40D3-AC03-08137897E696}"
EndProject
Project("{9A19103F-16F7-4668-BE54-9A1E7A4F7556}") = "TaskPlanner.Logic", "TaskPlanner\Domain\Logic\TaskPlanner.Logic.csproj", "{859D8D13-7BB3-4465-8753-246C54DE6C26}"
EndProject
Project("{FAE04EC0-301F-11D3-BF4B-00C04F79EFBC}") = "TaskPlanner.DataAccess", "TaskPlanner\DataAccess\TaskPlanner.DataAccess.csproj", "{15AD789C-83C3-46A9-8C6B-2A1845681F13}"
EndProject
Project("{FAE04EC0-301F-11D3-BF4B-00C04F79EFBC}") = "TaskPlanner.DataAccess.Abstractions", "TaskPlanner\DataAccess\Abstractions\TaskPlanner.DataAccess.Abstractions.csproj", "{4D2E8919-E7B6-485A-87F1-5EA88D4626E3}"
EndProject
Project("{2150E333-8FDC-42A3-9474-1A3956D46DE8}") = "DataAccess", "DataAccess", "{63B33C01-EC0E-4CAB-BBDD-3C65F0B648F7}"
EndProject
Project("{2150E333-8FDC-42A3-9474-1A3956D46DE8}") = "Domain", "Domain", "{97FA3349-B86D-400B-BD2D-EC7A04D21387}"
EndProject
Project("{2150E333-8FDC-42A3-9474-1A3956D46DE8}") = "Logic", "Logic", "{1493C50B-4C0F-4B96-8DCD-502B72D2C463}"
EndProject
Project("{FAE04EC0-301F-11D3-BF4B-00C04F79EFBC}") = "TaskPlanner.Domain.Logic.Tests", "TaskPlanner\Domain\Logic\TaskPlanner.Domain.Logic.Tests\TaskPlanner.Domain.Logic.Tests.csproj", "{909D4008-C379-42A5-89AC-82DF1D34AF94}"
EndProject
Project("{2150E333-8FDC-42A3-9474-1A3956D46DE8}") = "Tests", "Tests", "{2782EFAE-F867-4AEE-94F0-EBCC6FBB5F22}"
EndProject
Global
	GlobalSection(SolutionConfigurationPlatforms) = preSolution
		Debug|Any CPU = Debug|Any CPU
		Release|Any CPU = Release|Any CPU
	EndGlobalSection
	GlobalSection(ProjectConfigurationPlatforms) = postSolution
		{C8428218-8A17-40D3-AC03-08137897E696}.Debug|Any CPU.ActiveCfg = Debug|Any CPU
		{C8428218-8A17-40D3-AC03-08137897E696}.Debug|Any CPU.Build.0 = Debug|Any CPU
		{C8428218-8A17-40D3-AC03-08137897E696}.Release|Any CPU.ActiveCfg = Release|Any CPU
		{C8428218-8A17-40D3-AC03-08137897E696}.Release|Any CPU.Build.0 = Release|Any CPU
		{859D8D13-7BB3-4465-8753-246C54DE6C26}.Debug|Any CPU.ActiveCfg = Debug|Any CPU
		{859D8D13-7BB3-4465-8753-246C54DE6C26}.Debug|Any CPU.Build.0 = Debug|Any CPU
		{859D8D13-7BB3-4465-8753-246C54DE6C26}.Release|Any CPU.ActiveCfg = Release|Any CPU
		{859D8D13-7BB3-4465-8753-246C54DE6C26}.Release|Any CPU.Build.0 = Release|Any CPU
		{15AD789C-83C3-46A9-8C6B-2A1845681F13}.Debug|Any CPU.ActiveCfg = Debug|Any CPU
		{15AD789C-83C3-46A9-8C6B-2A1845681F13}.Debug|Any CPU.Build.0 = Debug|Any CPU
		{15AD789C-83C3-46A9-8C6B-2A1845681F13}.Release|Any CPU.ActiveCfg = Release|Any CPU
		{15AD789C-83C3-46A9-8C6B-2A1845681F13}.Release|Any CPU.Build.0 = Release|Any CPU
		{4D2E8919-E7B6-485A-87F1-5EA88D4626E3}.Debug|Any CPU.ActiveCfg = Debug|Any CPU
		{4D2E8919-E7B6-485A-87F1-5EA88D4626E3}.Debug|Any CPU.Build.0 = Debug|Any CPU
		{4D2E8919-E7B6-485A-87F1-5EA88D4626E3}.Release|Any CPU.ActiveCfg = Release|Any CPU
		{4D2E8919-E7B6-485A-87F1-5EA88D4626E3}.Release|Any CPU.Build.0 = Release|Any CPU
		{909D4008-C379-42A5-89AC-82DF1D34AF94}.Debug|Any CPU.ActiveCfg = Debug|Any CPU
		{909D4008-C379-42A5-89AC-82DF1D34AF94}.Debug|Any CPU.Build.0 = Debug|Any CPU
		{909D4008-C379-42A5-89AC-82DF1D34AF94}.Release|Any CPU.ActiveCfg = Release|Any CPU
		{909D4008-C379-42A5-89AC-82DF1D34AF94}.Release|Any CPU.Build.0 = Release|Any CPU
	EndGlobalSection
	GlobalSection(SolutionProperties) = preSolution
		HideSolutionNode = FALSE
	EndGlobalSection
	GlobalSection(NestedProjects) = preSolution
		{C8428218-8A17-40D3-AC03-08137897E696} = {97FA3349-B86D-400B-BD2D-EC7A04D21387}
		{859D8D13-7BB3-4465-8753-246C54DE6C26} = {1493C50B-4C0F-4B96-8DCD-502B72D2C463}
		{15AD789C-83C3-46A9-8C6B-2A1845681F13} = {63B33C01-EC0E-4CAB-BBDD-3C65F0B648F7}
		{4D2E8919-E7B6-485A-87F1-5EA88D4626E3} = {63B33C01-EC0E-4CAB-BBDD-3C65F0B648F7}
		{909D4008-C379-42A5-89AC-82DF1D34AF94} = {2782EFAE-F867-4AEE-94F0-EBCC6FBB5F22}
	EndGlobalSection
	GlobalSection(ExtensibilityGlobals) = postSolution
		SolutionGuid = {30AA80C4-557D-44E3-8B05-79101E9BE80D}
	EndGlobalSection
EndGlobal
